
Microsoft Visual Studio Solution File, Format Version 12.00
# Visual Studio Version 16
VisualStudioVersion = 16.0.29806.167
MinimumVisualStudioVersion = 10.0.40219.1
Project("{FAE04EC0-301F-11D3-BF4B-00C04F79EFBC}") = "Selection et Edition de Text", "Selection et Edition de Text.csproj", "{E5DCFC2D-2A07-402C-A2A0-1ABDA4B75634}"
EndProject
Global
	GlobalSection(SolutionConfigurationPlatforms) = preSolution
		Debug|Any CPU = Debug|Any CPU
		Release|Any CPU = Release|Any CPU
	EndGlobalSection
	GlobalSection(ProjectConfigurationPlatforms) = postSolution
		{E5DCFC2D-2A07-402C-A2A0-1ABDA4B75634}.Debug|Any CPU.ActiveCfg = Debug|Any CPU
		{E5DCFC2D-2A07-402C-A2A0-1ABDA4B75634}.Debug|Any CPU.Build.0 = Debug|Any CPU
		{E5DCFC2D-2A07-402C-A2A0-1ABDA4B75634}.Release|Any CPU.ActiveCfg = Release|Any CPU
		{E5DCFC2D-2A07-402C-A2A0-1ABDA4B75634}.Release|Any CPU.Build.0 = Release|Any CPU
	EndGlobalSection
	GlobalSection(SolutionProperties) = preSolution
		HideSolutionNode = FALSE
	EndGlobalSection
	GlobalSection(ExtensibilityGlobals) = postSolution
		SolutionGuid = {F51EDBFB-CAF2-48F0-BB3E-5950A47ACDE0}
	EndGlobalSection
EndGlobal
